
Microsoft Visual Studio Solution File, Format Version 12.00
# Visual Studio Version 16
VisualStudioVersion = 16.0.29613.14
MinimumVisualStudioVersion = 10.0.40219.1
Project("{FAE04EC0-301F-11D3-BF4B-00C04F79EFBC}") = "socialDistanceOnWindows", "socialDistanceOnWindows\socialDistanceOnWindows.csproj", "{53F28923-C525-4C86-BD62-567E8113871A}"
EndProject
Global
	GlobalSection(SolutionConfigurationPlatforms) = preSolution
		Debug|Any CPU = Debug|Any CPU
		Release|Any CPU = Release|Any CPU
	EndGlobalSection
	GlobalSection(ProjectConfigurationPlatforms) = postSolution
		{53F28923-C525-4C86-BD62-567E8113871A}.Debug|Any CPU.ActiveCfg = Debug|Any CPU
		{53F28923-C525-4C86-BD62-567E8113871A}.Debug|Any CPU.Build.0 = Debug|Any CPU
		{53F28923-C525-4C86-BD62-567E8113871A}.Release|Any CPU.ActiveCfg = Release|Any CPU
		{53F28923-C525-4C86-BD62-567E8113871A}.Release|Any CPU.Build.0 = Release|Any CPU
	EndGlobalSection
	GlobalSection(SolutionProperties) = preSolution
		HideSolutionNode = FALSE
	EndGlobalSection
	GlobalSection(ExtensibilityGlobals) = postSolution
		SolutionGuid = {48B856B1-6932-4575-98EB-9201E6201B0C}
	EndGlobalSection
EndGlobal
